{
    "_readme": [
        "This file locks the dependencies of your project to a known state",
        "Read more about it at https://getcomposer.org/doc/01-basic-usage.md#installing-dependencies",
        "This file is @generated automatically"
    ],
    "content-hash": "0783c774159b4695f22ad4b454bfb933",
    "packages": [
        {
            "name": "wittakarn/chatbot-core",
            "version": "v1.2.1",
            "source": {
                "type": "git",
                "url": "git@github.com:wittakarn/chatbot-core.git",
                "reference": "13c90529951954e53a7cb84a339f95059190f3be"
            },
            "dist": {
                "type": "zip",
                "url": "https://api.github.com/repos/wittakarn/chatbot-core/zipball/13c90529951954e53a7cb84a339f95059190f3be",
                "reference": "13c90529951954e53a7cb84a339f95059190f3be",
                "shasum": ""
            },
            "require": {
                "php": ">=7.4"
            },
            "type": "library",
            "autoload": {
                "psr-4": {
                    "ChatbotCore\\": "src/"
                }
            },
            "license": [
                "proprietary"
            ],
            "description": "Core library for AI chatbots (Gemini + LINE + MySQL)",
            "support": {
                "source": "https://github.com/wittakarn/chatbot-core/tree/v1.2.1",
                "issues": "https://github.com/wittakarn/chatbot-core/issues"
            },
            "time": "2026-03-16T06:36:01+00:00"
        }
    ],
    "packages-dev": [],
    "aliases": [],
    "minimum-stability": "stable",
    "stability-flags": {},
    "prefer-stable": false,
    "prefer-lowest": false,
    "platform": {
        "php": ">=7.4"
    },
    "platform-dev": {},
    "plugin-api-version": "2.9.0"
}
